
Microsoft Visual Studio Solution File, Format Version 12.00
# Visual Studio Version 16
VisualStudioVersion = 16.0.31005.135
MinimumVisualStudioVersion = 10.0.40219.1
Project("{9A19103F-16F7-4668-BE54-9A1E7A4F7556}") = "Wings", "Wings\Wings.csproj", "{7A109CCA-76F3-4BCB-AD0A-059523C52594}"
EndProject
Global
	GlobalSection(SolutionConfigurationPlatforms) = preSolution
		Debug|x64 = Debug|x64
		Release|x64 = Release|x64
	EndGlobalSection
	GlobalSection(ProjectConfigurationPlatforms) = postSolution
		{7A109CCA-76F3-4BCB-AD0A-059523C52594}.Debug|x64.ActiveCfg = Debug|x64
		{7A109CCA-76F3-4BCB-AD0A-059523C52594}.Debug|x64.Build.0 = Debug|x64
		{7A109CCA-76F3-4BCB-AD0A-059523C52594}.Release|x64.ActiveCfg = Release|x64
		{7A109CCA-76F3-4BCB-AD0A-059523C52594}.Release|x64.Build.0 = Release|x64
	EndGlobalSection
	GlobalSection(SolutionProperties) = preSolution
		HideSolutionNode = FALSE
	EndGlobalSection
	GlobalSection(ExtensibilityGlobals) = postSolution
		SolutionGuid = {086CC8DC-63DC-4C06-A3F6-63F2ECF9B5C8}
	EndGlobalSection
EndGlobal
